
Microsoft Visual Studio Solution File, Format Version 12.00
# Visual Studio 15
VisualStudioVersion = 15.0.26124.0
MinimumVisualStudioVersion = 15.0.26124.0
Project("{9A19103F-16F7-4668-BE54-9A1E7A4F7556}") = "R5T.Hostia.Construction", "R5T.Hostia.Construction\R5T.Hostia.Construction.csproj", "{1410E5AF-04FC-4A03-B8BC-515210ECE21E}"
EndProject
Project("{9A19103F-16F7-4668-BE54-9A1E7A4F7556}") = "R5T.Hostia", "R5T.Hostia\R5T.Hostia.csproj", "{19366C4F-0798-447B-8642-184CBC03815D}"
EndProject
Project("{FAE04EC0-301F-11D3-BF4B-00C04F79EFBC}") = "R5T.Hostia.Extensions", "R5T.Hostia.Extensions\R5T.Hostia.Extensions.csproj", "{BD1C4886-9DFF-48CF-BF24-58766DD40FD3}"
EndProject
Global
	GlobalSection(SolutionConfigurationPlatforms) = preSolution
		Debug|Any CPU = Debug|Any CPU
		Debug|x64 = Debug|x64
		Debug|x86 = Debug|x86
		Release|Any CPU = Release|Any CPU
		Release|x64 = Release|x64
		Release|x86 = Release|x86
	EndGlobalSection
	GlobalSection(ProjectConfigurationPlatforms) = postSolution
		{1410E5AF-04FC-4A03-B8BC-515210ECE21E}.Debug|Any CPU.ActiveCfg = Debug|Any CPU
		{1410E5AF-04FC-4A03-B8BC-515210ECE21E}.Debug|Any CPU.Build.0 = Debug|Any CPU
		{1410E5AF-04FC-4A03-B8BC-515210ECE21E}.Debug|x64.ActiveCfg = Debug|Any CPU
		{1410E5AF-04FC-4A03-B8BC-515210ECE21E}.Debug|x64.Build.0 = Debug|Any CPU
		{1410E5AF-04FC-4A03-B8BC-515210ECE21E}.Debug|x86.ActiveCfg = Debug|Any CPU
		{1410E5AF-04FC-4A03-B8BC-515210ECE21E}.Debug|x86.Build.0 = Debug|Any CPU
		{1410E5AF-04FC-4A03-B8BC-515210ECE21E}.Release|Any CPU.ActiveCfg = Release|Any CPU
		{1410E5AF-04FC-4A03-B8BC-515210ECE21E}.Release|Any CPU.Build.0 = Release|Any CPU
		{1410E5AF-04FC-4A03-B8BC-515210ECE21E}.Release|x64.ActiveCfg = Release|Any CPU
		{1410E5AF-04FC-4A03-B8BC-515210ECE21E}.Release|x64.Build.0 = Release|Any CPU
		{1410E5AF-04FC-4A03-B8BC-515210ECE21E}.Release|x86.ActiveCfg = Release|Any CPU
		{1410E5AF-04FC-4A03-B8BC-515210ECE21E}.Release|x86.Build.0 = Release|Any CPU
		{19366C4F-0798-447B-8642-184CBC03815D}.Debug|Any CPU.ActiveCfg = Debug|Any CPU
		{19366C4F-0798-447B-8642-184CBC03815D}.Debug|Any CPU.Build.0 = Debug|Any CPU
		{19366C4F-0798-447B-8642-184CBC03815D}.Debug|x64.ActiveCfg = Debug|Any CPU
		{19366C4F-0798-447B-8642-184CBC03815D}.Debug|x64.Build.0 = Debug|Any CPU
		{19366C4F-0798-447B-8642-184CBC03815D}.Debug|x86.ActiveCfg = Debug|Any CPU
		{19366C4F-0798-447B-8642-184CBC03815D}.Debug|x86.Build.0 = Debug|Any CPU
		{19366C4F-0798-447B-8642-184CBC03815D}.Release|Any CPU.ActiveCfg = Release|Any CPU
		{19366C4F-0798-447B-8642-184CBC03815D}.Release|Any CPU.Build.0 = Release|Any CPU
		{19366C4F-0798-447B-8642-184CBC03815D}.Release|x64.ActiveCfg = Release|Any CPU
		{19366C4F-0798-447B-8642-184CBC03815D}.Release|x64.Build.0 = Release|Any CPU
		{19366C4F-0798-447B-8642-184CBC03815D}.Release|x86.ActiveCfg = Release|Any CPU
		{19366C4F-0798-447B-8642-184CBC03815D}.Release|x86.Build.0 = Release|Any CPU
		{BD1C4886-9DFF-48CF-BF24-58766DD40FD3}.Debug|Any CPU.ActiveCfg = Debug|Any CPU
		{BD1C4886-9DFF-48CF-BF24-58766DD40FD3}.Debug|Any CPU.Build.0 = Debug|Any CPU
		{BD1C4886-9DFF-48CF-BF24-58766DD40FD3}.Debug|x64.ActiveCfg = Debug|Any CPU
		{BD1C4886-9DFF-48CF-BF24-58766DD40FD3}.Debug|x64.Build.0 = Debug|Any CPU
		{BD1C4886-9DFF-48CF-BF24-58766DD40FD3}.Debug|x86.ActiveCfg = Debug|Any CPU
		{BD1C4886-9DFF-48CF-BF24-58766DD40FD3}.Debug|x86.Build.0 = Debug|Any CPU
		{BD1C4886-9DFF-48CF-BF24-58766DD40FD3}.Release|Any CPU.ActiveCfg = Release|Any CPU
		{BD1C4886-9DFF-48CF-BF24-58766DD40FD3}.Release|Any CPU.Build.0 = Release|Any CPU
		{BD1C4886-9DFF-48CF-BF24-58766DD40FD3}.Release|x64.ActiveCfg = Release|Any CPU
		{BD1C4886-9DFF-48CF-BF24-58766DD40FD3}.Release|x64.Build.0 = Release|Any CPU
		{BD1C4886-9DFF-48CF-BF24-58766DD40FD3}.Release|x86.ActiveCfg = Release|Any CPU
		{BD1C4886-9DFF-48CF-BF24-58766DD40FD3}.Release|x86.Build.0 = Release|Any CPU
	EndGlobalSection
	GlobalSection(SolutionProperties) = preSolution
		HideSolutionNode = FALSE
	EndGlobalSection
	GlobalSection(ExtensibilityGlobals) = postSolution
		SolutionGuid = {4958D7B3-7E9B-4D65-9E10-65C8EE2B50BC}
	EndGlobalSection
EndGlobal
